
Microsoft Visual Studio Solution File, Format Version 12.00
# Visual Studio 15
VisualStudioVersion = 15.0.28307.1259
MinimumVisualStudioVersion = 10.0.40219.1
Project("{FAE04EC0-301F-11D3-BF4B-00C04F79EFBC}") = "Quiz_Master_Vila_Bogdan", "Quiz_Master_Vila_Bogdan\Quiz_Master_Vila_Bogdan.csproj", "{2E2D8197-F881-430B-B62E-61AB50B46EC4}"
EndProject
Global
	GlobalSection(SolutionConfigurationPlatforms) = preSolution
		Debug|Any CPU = Debug|Any CPU
		Release|Any CPU = Release|Any CPU
	EndGlobalSection
	GlobalSection(ProjectConfigurationPlatforms) = postSolution
		{2E2D8197-F881-430B-B62E-61AB50B46EC4}.Debug|Any CPU.ActiveCfg = Debug|Any CPU
		{2E2D8197-F881-430B-B62E-61AB50B46EC4}.Debug|Any CPU.Build.0 = Debug|Any CPU
		{2E2D8197-F881-430B-B62E-61AB50B46EC4}.Release|Any CPU.ActiveCfg = Release|Any CPU
		{2E2D8197-F881-430B-B62E-61AB50B46EC4}.Release|Any CPU.Build.0 = Release|Any CPU
	EndGlobalSection
	GlobalSection(SolutionProperties) = preSolution
		HideSolutionNode = FALSE
	EndGlobalSection
	GlobalSection(ExtensibilityGlobals) = postSolution
		SolutionGuid = {A92D1201-E697-4FFA-A500-7D89802F1EE6}
	EndGlobalSection
EndGlobal
